PODS:
  - AnyThinkiOS (6.2.34):
    - AnyThinkiOS/AnyThinkSDK (= 6.2.34)
  - AnyThinkiOS/AnyThinkSDK (6.2.34)
  - AppLovinSDK (11.9.0)
  - Masonry (1.1.0)

DEPENDENCIES:
  - AnyThinkiOS (= 6.2.34)
  - AppLovinSDK (= 11.9.0)
  - Masonry

SPEC REPOS:
  https://github.com/CocoaPods/Specs.git:
    - AnyThinkiOS
    - AppLovinSDK
    - Masonry

SPEC CHECKSUMS:
  AnyThinkiOS: 8adaf95d2f14c3993d5302617f004860d5bc9f20
  AppLovinSDK: 2022f21e5b713b2c04bb7c2f10bde0f2dea89f11
  Masonry: 678fab65091a9290e40e2832a55e7ab731aad201

PODFILE CHECKSUM: ed55b00014d22960821f03a6f864000959d13195

COCOAPODS: 1.11.3
